
Microsoft Visual Studio Solution File, Format Version 12.00
# Visual Studio Version 17
VisualStudioVersion = 17.5.33424.131
MinimumVisualStudioVersion = 10.0.40219.1
Project("{FAE04EC0-301F-11D3-BF4B-00C04F79EFBC}") = "SistemaDeTarefas", "SistemaDeTarefas\SistemaDeTarefas.csproj", "{8448EF4A-E7D7-4DB0-9AB0-20E6907E16EC}"
EndProject
Global
	GlobalSection(SolutionConfigurationPlatforms) = preSolution
		Debug|Any CPU = Debug|Any CPU
		Release|Any CPU = Release|Any CPU
	EndGlobalSection
	GlobalSection(ProjectConfigurationPlatforms) = postSolution
		{8448EF4A-E7D7-4DB0-9AB0-20E6907E16EC}.Debug|Any CPU.ActiveCfg = Debug|Any CPU
		{8448EF4A-E7D7-4DB0-9AB0-20E6907E16EC}.Debug|Any CPU.Build.0 = Debug|Any CPU
		{8448EF4A-E7D7-4DB0-9AB0-20E6907E16EC}.Release|Any CPU.ActiveCfg = Release|Any CPU
		{8448EF4A-E7D7-4DB0-9AB0-20E6907E16EC}.Release|Any CPU.Build.0 = Release|Any CPU
	EndGlobalSection
	GlobalSection(SolutionProperties) = preSolution
		HideSolutionNode = FALSE
	EndGlobalSection
	GlobalSection(ExtensibilityGlobals) = postSolution
		SolutionGuid = {09C0E919-98A8-45DF-A40C-23CE5FDE1AE7}
	EndGlobalSection
EndGlobal
